{
  "name": "vite-demo",
  "version": "1.0.0",
  "lockfileVersion": 2,
  "requires": true,
  "packages": {
    "": {
      "name": "vite-demo",
      "version": "1.0.0",
      "license": "ISC",
      "dependencies": {
        "@vitejs/plugin-vue": "^2.3.1",
        "vue": "^3.2.31",
        "vue-router": "^4.0.14"
      },
      "devDependencies": {
        "vite": "^2.9.1"
      }
    },
    "node_modules/@babel/parser": {
      "version": "7.17.9",
      "resolved": "http://npm.idcvdian.com/@babel/parser/download/@babel/parser-7.17.9.tgz",
      "integrity": "sha1-nJQYmmBi8CkUGMoCEHeYMFjhce8=",
      "license": "MIT",
      "bin": {
        "parser": "bin/babel-parser.js"
      },
      "engines": {
        "node": ">=6.0.0"
      }
    },
    "node_modules/@vitejs/plugin-vue": {
      "version": "2.3.1",
      "resolved": "http://npm.idcvdian.com/@vitejs/plugin-vue/download/@vitejs/plugin-vue-2.3.1.tgz",
      "integrity": "sha1-XyhrjTUVOBxtXI+o7uXmM19yfhQ=",
      "license": "MIT",
      "engines": {
        "node": ">=12.0.0"
      },
      "peerDependencies": {
        "vite": "^2.5.10",
        "vue": "^3.2.25"
      }
    },
    "node_modules/@vue/compiler-core": {
      "version": "3.2.31",
      "resolved": "http://npm.idcvdian.com/@vue/compiler-core/download/@vue/compiler-core-3.2.31.tgz",
      "integrity": "sha1-048Gws+EV0JAO1I6tFlqP9oVLok=",
      "license": "MIT",
      "dependencies": {
        "@babel/parser": "^7.16.4",
        "@vue/shared": "3.2.31",
        "estree-walker": "^2.0.2",
        "source-map": "^0.6.1"
      }
    },
    "node_modules/@vue/compiler-dom": {
      "version": "3.2.31",
      "resolved": "http://npm.idcvdian.com/@vue/compiler-dom/download/@vue/compiler-dom-3.2.31.tgz",
      "integrity": "sha1-sbffrVXJbIzCuRnNfrX9fk3b8A4=",
      "license": "MIT",
      "dependencies": {
        "@vue/compiler-core": "3.2.31",
        "@vue/shared": "3.2.31"
      }
    },
    "node_modules/@vue/compiler-sfc": {
      "version": "3.2.31",
      "resolved": "http://npm.idcvdian.com/@vue/compiler-sfc/download/@vue/compiler-sfc-3.2.31.tgz",
      "integrity": "sha1-0Cspw/401ZmlLFrhxpN7TWnxHC8=",
      "license": "MIT",
      "dependencies": {
        "@babel/parser": "^7.16.4",
        "@vue/compiler-core": "3.2.31",
        "@vue/compiler-dom": "3.2.31",
        "@vue/compiler-ssr": "3.2.31",
        "@vue/reactivity-transform": "3.2.31",
        "@vue/shared": "3.2.31",
        "estree-walker": "^2.0.2",
        "magic-string": "^0.25.7",
        "postcss": "^8.1.10",
        "source-map": "^0.6.1"
      }
    },
    "node_modules/@vue/compiler-ssr": {
      "version": "3.2.31",
      "resolved": "http://npm.idcvdian.com/@vue/compiler-ssr/download/@vue/compiler-ssr-3.2.31.tgz",
      "integrity": "sha1-T6APSGycRYC0CkF3hx671lDsuZw=",
      "license": "MIT",
      "dependencies": {
        "@vue/compiler-dom": "3.2.31",
        "@vue/shared": "3.2.31"
      }
    },
    "node_modules/@vue/devtools-api": {
      "version": "6.1.4",
      "resolved": "http://npm.idcvdian.com/@vue/devtools-api/download/@vue/devtools-api-6.1.4.tgz",
      "integrity": "sha1-tK7C9LRZnhG6d0pQxn+jeMmCTlM=",
      "license": "MIT"
    },
    "node_modules/@vue/reactivity": {
      "version": "3.2.31",
      "resolved": "http://npm.idcvdian.com/@vue/reactivity/download/@vue/reactivity-3.2.31.tgz",
      "integrity": "sha1-/JCqLN9pVBi3nlNHg6ypDWOka70=",
      "license": "MIT",
      "dependencies": {
        "@vue/shared": "3.2.31"
      }
    },
    "node_modules/@vue/reactivity-transform": {
      "version": "3.2.31",
      "resolved": "http://npm.idcvdian.com/@vue/reactivity-transform/download/@vue/reactivity-transform-3.2.31.tgz",
      "integrity": "sha1-D1slwk5w7asrYT1TBcRltQ/ACRE=",
      "license": "MIT",
      "dependencies": {
        "@babel/parser": "^7.16.4",
        "@vue/compiler-core": "3.2.31",
        "@vue/shared": "3.2.31",
        "estree-walker": "^2.0.2",
        "magic-string": "^0.25.7"
      }
    },
    "node_modules/@vue/runtime-core": {
      "version": "3.2.31",
      "resolved": "http://npm.idcvdian.com/@vue/runtime-core/download/@vue/runtime-core-3.2.31.tgz",
      "integrity": "sha1-nShMOC9fmBt6e1lxBSodxO85rHo=",
      "license": "MIT",
      "dependencies": {
        "@vue/reactivity": "3.2.31",
        "@vue/shared": "3.2.31"
      }
    },
    "node_modules/@vue/runtime-dom": {
      "version": "3.2.31",
      "resolved": "http://npm.idcvdian.com/@vue/runtime-dom/download/@vue/runtime-dom-3.2.31.tgz",
      "integrity": "sha1-ec4BgXyzyvLJ2SP2abc40teVPv8=",
      "license": "MIT",
      "dependencies": {
        "@vue/runtime-core": "3.2.31",
        "@vue/shared": "3.2.31",
        "csstype": "^2.6.8"
      }
    },
    "node_modules/@vue/server-renderer": {
      "version": "3.2.31",
      "resolved": "http://npm.idcvdian.com/@vue/server-renderer/download/@vue/server-renderer-3.2.31.tgz",
      "integrity": "sha1-IB6dbOc1hH1ZiUA6+B74CWDacUE=",
      "license": "MIT",
      "dependencies": {
        "@vue/compiler-ssr": "3.2.31",
        "@vue/shared": "3.2.31"
      },
      "peerDependencies": {
        "vue": "3.2.31"
      }
    },
    "node_modules/@vue/shared": {
      "version": "3.2.31",
      "resolved": "http://npm.idcvdian.com/@vue/shared/download/@vue/shared-3.2.31.tgz",
      "integrity": "sha1-yQ3nEm2DPc06THU01TS+L7Qfqk4=",
      "license": "MIT"
    },
    "node_modules/csstype": {
      "version": "2.6.20",
      "resolved": "http://npm.idcvdian.com/csstype/download/csstype-2.6.20.tgz",
      "integrity": "sha1-kinGXqCyYM9NPZl8sGKI42qNbdo=",
      "license": "MIT"
    },
    "node_modules/esbuild": {
      "version": "0.14.36",
      "resolved": "http://npm.idcvdian.com/esbuild/download/esbuild-0.14.36.tgz",
      "integrity": "sha1-ACOnPqtXiGrFYF3xbuQh5HGpcbM=",
      "hasInstallScript": true,
      "license": "MIT",
      "bin": {
        "esbuild": "bin/esbuild"
      },
      "engines": {
        "node": ">=12"
      },
      "optionalDependencies": {
        "esbuild-android-64": "0.14.36",
        "esbuild-android-arm64": "0.14.36",
        "esbuild-darwin-64": "0.14.36",
        "esbuild-darwin-arm64": "0.14.36",
        "esbuild-freebsd-64": "0.14.36",
        "esbuild-freebsd-arm64": "0.14.36",
        "esbuild-linux-32": "0.14.36",
        "esbuild-linux-64": "0.14.36",
        "esbuild-linux-arm": "0.14.36",
        "esbuild-linux-arm64": "0.14.36",
        "esbuild-linux-mips64le": "0.14.36",
        "esbuild-linux-ppc64le": "0.14.36",
        "esbuild-linux-riscv64": "0.14.36",
        "esbuild-linux-s390x": "0.14.36",
        "esbuild-netbsd-64": "0.14.36",
        "esbuild-openbsd-64": "0.14.36",
        "esbuild-sunos-64": "0.14.36",
        "esbuild-windows-32": "0.14.36",
        "esbuild-windows-64": "0.14.36",
        "esbuild-windows-arm64": "0.14.36"
      }
    },
    "node_modules/esbuild-android-64": {
      "version": "0.14.36",
      "resolved": "http://npm.idcvdian.com/esbuild-android-64/download/esbuild-android-64-0.14.36.tgz",
      "integrity": "sha1-/F+VznjIw9eQ+ha8cb2QTyu0KqE=",
      "cpu": [
        "x64"
      ],
      "license": "MIT",
      "optional": true,
      "os": [
        "android"
      ],
      "engines": {
        "node": ">=12"
      }
    },
    "node_modules/esbuild-android-arm64": {
      "version": "0.14.36",
      "resolved": "http://npm.idcvdian.com/esbuild-android-arm64/download/esbuild-android-arm64-0.14.36.tgz",
      "integrity": "sha1-RDVvu5+N6Cpc3xGEngEd+zrQqKg=",
      "cpu": [
        "arm64"
      ],
      "license": "MIT",
      "optional": true,
      "os": [
        "android"
      ],
      "engines": {
        "node": ">=12"
      }
    },
    "node_modules/esbuild-darwin-64": {
      "version": "0.14.36",
      "resolved": "http://npm.idcvdian.com/esbuild-darwin-64/download/esbuild-darwin-64-0.14.36.tgz",
      "integrity": "sha1-PZMkshSJxwFBZlwudA1uhPFvcl0=",
      "cpu": [
        "x64"
      ],
      "license": "MIT",
      "optional": true,
      "os": [
        "darwin"
      ],
      "engines": {
        "node": ">=12"
      }
    },
    "node_modules/esbuild-darwin-arm64": {
      "version": "0.14.36",
      "resolved": "http://npm.idcvdian.com/esbuild-darwin-arm64/download/esbuild-darwin-arm64-0.14.36.tgz",
      "integrity": "sha1-KoBAwuRlEx5SgQNPPHJAXmQ8t7I=",
      "cpu": [
        "arm64"
      ],
      "license": "MIT",
      "optional": true,
      "os": [
        "darwin"
      ],
      "engines": {
        "node": ">=12"
      }
    },
    "node_modules/esbuild-freebsd-64": {
      "version": "0.14.36",
      "resolved": "http://npm.idcvdian.com/esbuild-freebsd-64/download/esbuild-freebsd-64-0.14.36.tgz",
      "integrity": "sha1-2Cw4e00B/p6GMfl9QetU8tvraKM=",
      "cpu": [
        "x64"
      ],
      "license": "MIT",
      "optional": true,
      "os": [
        "freebsd"
      ],
      "engines": {
        "node": ">=12"
      }
    },
    "node_modules/esbuild-freebsd-arm64": {
      "version": "0.14.36",
      "resolved": "http://npm.idcvdian.com/esbuild-freebsd-arm64/download/esbuild-freebsd-arm64-0.14.36.tgz",
      "integrity": "sha1-6M4ubGl9psfs0MwKyCHUfFq2hSk=",
      "cpu": [
        "arm64"
      ],
      "license": "MIT",
      "optional": true,
      "os": [
        "freebsd"
      ],
      "engines": {
        "node": ">=12"
      }
    },
    "node_modules/esbuild-linux-32": {
      "version": "0.14.36",
      "resolved": "http://npm.idcvdian.com/esbuild-linux-32/download/esbuild-linux-32-0.14.36.tgz",
      "integrity": "sha1-pKJh4q+RmG6mJFHy23EqVWyzihU=",
      "cpu": [
        "ia32"
      ],
      "license": "MIT",
      "optional": true,
      "os": [
        "linux"
      ],
      "engines": {
        "node": ">=12"
      }
    },
    "node_modules/esbuild-linux-64": {
      "version": "0.14.36",
      "resolved": "http://npm.idcvdian.com/esbuild-linux-64/download/esbuild-linux-64-0.14.36.tgz",
      "integrity": "sha1-SpUA+Rl+LI/LiEpRHSydTC3r3nI=",
      "cpu": [
        "x64"
      ],
      "license": "MIT",
      "optional": true,
      "os": [
        "linux"
      ],
      "engines": {
        "node": ">=12"
      }
    },
    "node_modules/esbuild-linux-arm": {
      "version": "0.14.36",
      "resolved": "http://npm.idcvdian.com/esbuild-linux-arm/download/esbuild-linux-arm-0.14.36.tgz",
      "integrity": "sha1-kOI7yi5uVJr/u+mU+Auju2xNk0o=",
      "cpu": [
        "arm"
      ],
      "license": "MIT",
      "optional": true,
      "os": [
        "linux"
      ],
      "engines": {
        "node": ">=12"
      }
    },
    "node_modules/esbuild-linux-arm64": {
      "version": "0.14.36",
      "resolved": "http://npm.idcvdian.com/esbuild-linux-arm64/download/esbuild-linux-arm64-0.14.36.tgz",
      "integrity": "sha1-yRwh4lsxVGS9fahnNl3R2uFMoXY=",
      "cpu": [
        "arm64"
      ],
      "license": "MIT",
      "optional": true,
      "os": [
        "linux"
      ],
      "engines": {
        "node": ">=12"
      }
    },
    "node_modules/esbuild-linux-mips64le": {
      "version": "0.14.36",
      "resolved": "http://npm.idcvdian.com/esbuild-linux-mips64le/download/esbuild-linux-mips64le-0.14.36.tgz",
      "integrity": "sha1-QOEa+wg1P/JHCfyJ5NsPhmvBMdI=",
      "cpu": [
        "mips64el"
      ],
      "license": "MIT",
      "optional": true,
      "os": [
        "linux"
      ],
      "engines": {
        "node": ">=12"
      }
    },
    "node_modules/esbuild-linux-ppc64le": {
      "version": "0.14.36",
      "resolved": "http://npm.idcvdian.com/esbuild-linux-ppc64le/download/esbuild-linux-ppc64le-0.14.36.tgz",
      "integrity": "sha1-nopYjFE9Bsw4WfncxS5f386KGl4=",
      "cpu": [
        "ppc64"
      ],
      "license": "MIT",
      "optional": true,
      "os": [
        "linux"
      ],
      "engines": {
        "node": ">=12"
      }
    },
    "node_modules/esbuild-linux-riscv64": {
      "version": "0.14.36",
      "resolved": "http://npm.idcvdian.com/esbuild-linux-riscv64/download/esbuild-linux-riscv64-0.14.36.tgz",
      "integrity": "sha1-5XjAmyOzuXZS5g42kr/aYotUHwY=",
      "cpu": [
        "riscv64"
      ],
      "license": "MIT",
      "optional": true,
      "os": [
        "linux"
      ],
      "engines": {
        "node": ">=12"
      }
    },
    "node_modules/esbuild-linux-s390x": {
      "version": "0.14.36",
      "resolved": "http://npm.idcvdian.com/esbuild-linux-s390x/download/esbuild-linux-s390x-0.14.36.tgz",
      "integrity": "sha1-PJ2rQNDWmTL/3tD9cxe7QDYmybw=",
      "cpu": [
        "s390x"
      ],
      "license": "MIT",
      "optional": true,
      "os": [
        "linux"
      ],
      "engines": {
        "node": ">=12"
      }
    },
    "node_modules/esbuild-netbsd-64": {
      "version": "0.14.36",
      "resolved": "http://npm.idcvdian.com/esbuild-netbsd-64/download/esbuild-netbsd-64-0.14.36.tgz",
      "integrity": "sha1-4nhH9tUGIYKRYZuMHhIezZdihJQ=",
      "cpu": [
        "x64"
      ],
      "license": "MIT",
      "optional": true,
      "os": [
        "netbsd"
      ],
      "engines": {
        "node": ">=12"
      }
    },
    "node_modules/esbuild-openbsd-64": {
      "version": "0.14.36",
      "resolved": "http://npm.idcvdian.com/esbuild-openbsd-64/download/esbuild-openbsd-64-0.14.36.tgz",
      "integrity": "sha1-yUwExVf65RaHKlhurmdCPabS+rs=",
      "cpu": [
        "x64"
      ],
      "license": "MIT",
      "optional": true,
      "os": [
        "openbsd"
      ],
      "engines": {
        "node": ">=12"
      }
    },
    "node_modules/esbuild-sunos-64": {
      "version": "0.14.36",
      "resolved": "http://npm.idcvdian.com/esbuild-sunos-64/download/esbuild-sunos-64-0.14.36.tgz",
      "integrity": "sha1-m3n+vA32WjDxyb1jBH0WdVEb+Z0=",
      "cpu": [
        "x64"
      ],
      "license": "MIT",
      "optional": true,
      "os": [
        "sunos"
      ],
      "engines": {
        "node": ">=12"
      }
    },
    "node_modules/esbuild-windows-32": {
      "version": "0.14.36",
      "resolved": "http://npm.idcvdian.com/esbuild-windows-32/download/esbuild-windows-32-0.14.36.tgz",
      "integrity": "sha1-kQ0Rk2yNISL/3TJ15bKNik4SQOw=",
      "cpu": [
        "ia32"
      ],
      "license": "MIT",
      "optional": true,
      "os": [
        "win32"
      ],
      "engines": {
        "node": ">=12"
      }
    },
    "node_modules/esbuild-windows-64": {
      "version": "0.14.36",
      "resolved": "http://npm.idcvdian.com/esbuild-windows-64/download/esbuild-windows-64-0.14.36.tgz",
      "integrity": "sha1-IbTOi0Kk78Y/S1jsYX8TAkSKrSY=",
      "cpu": [
        "x64"
      ],
      "license": "MIT",
      "optional": true,
      "os": [
        "win32"
      ],
      "engines": {
        "node": ">=12"
      }
    },
    "node_modules/esbuild-windows-arm64": {
      "version": "0.14.36",
      "resolved": "http://npm.idcvdian.com/esbuild-windows-arm64/download/esbuild-windows-arm64-0.14.36.tgz",
      "integrity": "sha1-uiFUb+y3KXZn0AUtABUN4iwESyQ=",
      "cpu": [
        "arm64"
      ],
      "license": "MIT",
      "optional": true,
      "os": [
        "win32"
      ],
      "engines": {
        "node": ">=12"
      }
    },
    "node_modules/estree-walker": {
      "version": "2.0.2",
      "resolved": "http://npm.idcvdian.com/estree-walker/download/estree-walker-2.0.2.tgz",
      "integrity": "sha1-UvAQF4wqTBF6d1fP6UKtt9LaTKw=",
      "license": "MIT"
    },
    "node_modules/fsevents": {
      "version": "2.3.2",
      "resolved": "http://npm.idcvdian.com/fsevents/download/fsevents-2.3.2.tgz",
      "integrity": "sha1-ilJveLj99GI7cJ4Ll1xSwkwC/Ro=",
      "hasInstallScript": true,
      "license": "MIT",
      "optional": true,
      "os": [
        "darwin"
      ],
      "engines": {
        "node": "^8.16.0 || ^10.6.0 || >=11.0.0"
      }
    },
    "node_modules/function-bind": {
      "version": "1.1.1",
      "resolved": "http://npm.idcvdian.com/function-bind/download/function-bind-1.1.1.tgz",
      "integrity": "sha1-pWiZ0+o8m6uHS7l3O3xe3pL0iV0=",
      "license": "MIT"
    },
    "node_modules/has": {
      "version": "1.0.3",
      "resolved": "http://npm.idcvdian.com/has/download/has-1.0.3.tgz",
      "integrity": "sha1-ci18v8H2qoJB8W3YFOAR4fQeh5Y=",
      "license": "MIT",
      "dependencies": {
        "function-bind": "^1.1.1"
      },
      "engines": {
        "node": ">= 0.4.0"
      }
    },
    "node_modules/is-core-module": {
      "version": "2.8.1",
      "resolved": "http://npm.idcvdian.com/is-core-module/download/is-core-module-2.8.1.tgz",
      "integrity": "sha1-9Z/fynAdWHnQprEApAqhVgzichE=",
      "license": "MIT",
      "dependencies": {
        "has": "^1.0.3"
      },
      "funding": {
        "url": "https://github.com/sponsors/ljharb"
      }
    },
    "node_modules/magic-string": {
      "version": "0.25.9",
      "resolved": "http://npm.idcvdian.com/magic-string/download/magic-string-0.25.9.tgz",
      "integrity": "sha1-3n+fr5HvihyR0CwuUxTIJ3283Rw=",
      "license": "MIT",
      "dependencies": {
        "sourcemap-codec": "^1.4.8"
      }
    },
    "node_modules/nanoid": {
      "version": "3.3.2",
      "resolved": "http://npm.idcvdian.com/nanoid/download/nanoid-3.3.2.tgz",
      "integrity": "sha1-yJYi+vtDgc0iFCHGnsWFR6HuxVc=",
      "license": "MIT",
      "bin": {
        "nanoid": "bin/nanoid.cjs"
      },
      "engines": {
        "node": "^10 || ^12 || ^13.7 || ^14 || >=15.0.1"
      }
    },
    "node_modules/path-parse": {
      "version": "1.0.7",
      "resolved": "http://npm.idcvdian.com/path-parse/download/path-parse-1.0.7.tgz",
      "integrity": "sha1-+8EUtgykKzDZ2vWFjkvWi77bZzU=",
      "license": "MIT"
    },
    "node_modules/picocolors": {
      "version": "1.0.0",
      "resolved": "http://npm.idcvdian.com/picocolors/download/picocolors-1.0.0.tgz",
      "integrity": "sha1-y1vcdP8/UYkiNur3nWi8RFZKuBw=",
      "license": "ISC"
    },
    "node_modules/postcss": {
      "version": "8.4.12",
      "resolved": "http://npm.idcvdian.com/postcss/download/postcss-8.4.12.tgz",
      "integrity": "sha1-Hn3nhzOyiXD6R0P32m83Y2SLGQU=",
      "funding": [
        {
          "type": "opencollective",
          "url": "https://opencollective.com/postcss/"
        },
        {
          "type": "tidelift",
          "url": "https://tidelift.com/funding/github/npm/postcss"
        }
      ],
      "license": "MIT",
      "dependencies": {
        "nanoid": "^3.3.1",
        "picocolors": "^1.0.0",
        "source-map-js": "^1.0.2"
      },
      "engines": {
        "node": "^10 || ^12 || >=14"
      }
    },
    "node_modules/resolve": {
      "version": "1.22.0",
      "resolved": "http://npm.idcvdian.com/resolve/download/resolve-1.22.0.tgz",
      "integrity": "sha1-XguMZ8Fd9XqJvbq+YDoALyFzEZg=",
      "license": "MIT",
      "dependencies": {
        "is-core-module": "^2.8.1",
        "path-parse": "^1.0.7",
        "supports-preserve-symlinks-flag": "^1.0.0"
      },
      "bin": {
        "resolve": "bin/resolve"
      },
      "funding": {
        "url": "https://github.com/sponsors/ljharb"
      }
    },
    "node_modules/rollup": {
      "version": "2.70.1",
      "resolved": "http://npm.idcvdian.com/rollup/download/rollup-2.70.1.tgz",
      "integrity": "sha1-gksfH4eeo5bbMLD8OujS/q2TUj4=",
      "license": "MIT",
      "bin": {
        "rollup": "dist/bin/rollup"
      },
      "engines": {
        "node": ">=10.0.0"
      },
      "optionalDependencies": {
        "fsevents": "~2.3.2"
      }
    },
    "node_modules/source-map": {
      "version": "0.6.1",
      "resolved": "http://npm.idcvdian.com/source-map/download/source-map-0.6.1.tgz",
      "integrity": "sha1-dHIq8y6WFOnCh6jQu95IteLxomM=",
      "license": "BSD-3-Clause",
      "engines": {
        "node": ">=0.10.0"
      }
    },
    "node_modules/source-map-js": {
      "version": "1.0.2",
      "resolved": "http://npm.idcvdian.com/source-map-js/download/source-map-js-1.0.2.tgz",
      "integrity": "sha1-rbw2HZxi3zgBJefxYfccgm8eSQw=",
      "license": "BSD-3-Clause",
      "engines": {
        "node": ">=0.10.0"
      }
    },
    "node_modules/sourcemap-codec": {
      "version": "1.4.8",
      "resolved": "http://npm.idcvdian.com/sourcemap-codec/download/sourcemap-codec-1.4.8.tgz",
      "integrity": "sha1-6oBL2UhXQC5pktBaOO8a41qatMQ=",
      "license": "MIT"
    },
    "node_modules/supports-preserve-symlinks-flag": {
      "version": "1.0.0",
      "resolved": "http://npm.idcvdian.com/supports-preserve-symlinks-flag/download/supports-preserve-symlinks-flag-1.0.0.tgz",
      "integrity": "sha1-btpL00SjyUrqN21MwxvHcxEDngk=",
      "license": "MIT",
      "engines": {
        "node": ">= 0.4"
      },
      "funding": {
        "url": "https://github.com/sponsors/ljharb"
      }
    },
    "node_modules/vite": {
      "version": "2.9.1",
      "resolved": "http://npm.idcvdian.com/vite/download/vite-2.9.1.tgz",
      "integrity": "sha1-hLzpX64hCnvrVmoK8GJGdIBmtI8=",
      "license": "MIT",
      "dependencies": {
        "esbuild": "^0.14.27",
        "postcss": "^8.4.12",
        "resolve": "^1.22.0",
        "rollup": "^2.59.0"
      },
      "bin": {
        "vite": "bin/vite.js"
      },
      "engines": {
        "node": ">=12.2.0"
      },
      "optionalDependencies": {
        "fsevents": "~2.3.2"
      },
      "peerDependencies": {
        "less": "*",
        "sass": "*",
        "stylus": "*"
      },
      "peerDependenciesMeta": {
        "less": {
          "optional": true
        },
        "sass": {
          "optional": true
        },
        "stylus": {
          "optional": true
        }
      }
    },
    "node_modules/vue": {
      "version": "3.2.31",
      "resolved": "http://npm.idcvdian.com/vue/download/vue-3.2.31.tgz",
      "integrity": "sha1-4MSZJDNenxiDUoFniKTMoQ+BfOY=",
      "license": "MIT",
      "dependencies": {
        "@vue/compiler-dom": "3.2.31",
        "@vue/compiler-sfc": "3.2.31",
        "@vue/runtime-dom": "3.2.31",
        "@vue/server-renderer": "3.2.31",
        "@vue/shared": "3.2.31"
      }
    },
    "node_modules/vue-router": {
      "version": "4.0.14",
      "resolved": "http://npm.idcvdian.com/vue-router/download/vue-router-4.0.14.tgz",
      "integrity": "sha1-ziAowcXDPjDHKHlQyXPzl/zhvWU=",
      "license": "MIT",
      "dependencies": {
        "@vue/devtools-api": "^6.0.0"
      },
      "funding": {
        "url": "https://github.com/sponsors/posva"
      },
      "peerDependencies": {
        "vue": "^3.2.0"
      }
    }
  },
  "dependencies": {
    "@babel/parser": {
      "version": "7.17.9",
      "resolved": "http://npm.idcvdian.com/@babel/parser/download/@babel/parser-7.17.9.tgz",
      "integrity": "sha1-nJQYmmBi8CkUGMoCEHeYMFjhce8="
    },
    "@vitejs/plugin-vue": {
      "version": "2.3.1",
      "resolved": "http://npm.idcvdian.com/@vitejs/plugin-vue/download/@vitejs/plugin-vue-2.3.1.tgz",
      "integrity": "sha1-XyhrjTUVOBxtXI+o7uXmM19yfhQ=",
      "requires": {}
    },
    "@vue/compiler-core": {
      "version": "3.2.31",
      "resolved": "http://npm.idcvdian.com/@vue/compiler-core/download/@vue/compiler-core-3.2.31.tgz",
      "integrity": "sha1-048Gws+EV0JAO1I6tFlqP9oVLok=",
      "requires": {
        "@babel/parser": "^7.16.4",
        "@vue/shared": "3.2.31",
        "estree-walker": "^2.0.2",
        "source-map": "^0.6.1"
      }
    },
    "@vue/compiler-dom": {
      "version": "3.2.31",
      "resolved": "http://npm.idcvdian.com/@vue/compiler-dom/download/@vue/compiler-dom-3.2.31.tgz",
      "integrity": "sha1-sbffrVXJbIzCuRnNfrX9fk3b8A4=",
      "requires": {
        "@vue/compiler-core": "3.2.31",
        "@vue/shared": "3.2.31"
      }
    },
    "@vue/compiler-sfc": {
      "version": "3.2.31",
      "resolved": "http://npm.idcvdian.com/@vue/compiler-sfc/download/@vue/compiler-sfc-3.2.31.tgz",
      "integrity": "sha1-0Cspw/401ZmlLFrhxpN7TWnxHC8=",
      "requires": {
        "@babel/parser": "^7.16.4",
        "@vue/compiler-core": "3.2.31",
        "@vue/compiler-dom": "3.2.31",
        "@vue/compiler-ssr": "3.2.31",
        "@vue/reactivity-transform": "3.2.31",
        "@vue/shared": "3.2.31",
        "estree-walker": "^2.0.2",
        "magic-string": "^0.25.7",
        "postcss": "^8.1.10",
        "source-map": "^0.6.1"
      }
    },
    "@vue/compiler-ssr": {
      "version": "3.2.31",
      "resolved": "http://npm.idcvdian.com/@vue/compiler-ssr/download/@vue/compiler-ssr-3.2.31.tgz",
      "integrity": "sha1-T6APSGycRYC0CkF3hx671lDsuZw=",
      "requires": {
        "@vue/compiler-dom": "3.2.31",
        "@vue/shared": "3.2.31"
      }
    },
    "@vue/devtools-api": {
      "version": "6.1.4",
      "resolved": "http://npm.idcvdian.com/@vue/devtools-api/download/@vue/devtools-api-6.1.4.tgz",
      "integrity": "sha1-tK7C9LRZnhG6d0pQxn+jeMmCTlM="
    },
    "@vue/reactivity": {
      "version": "3.2.31",
      "resolved": "http://npm.idcvdian.com/@vue/reactivity/download/@vue/reactivity-3.2.31.tgz",
      "integrity": "sha1-/JCqLN9pVBi3nlNHg6ypDWOka70=",
      "requires": {
        "@vue/shared": "3.2.31"
      }
    },
    "@vue/reactivity-transform": {
      "version": "3.2.31",
      "resolved": "http://npm.idcvdian.com/@vue/reactivity-transform/download/@vue/reactivity-transform-3.2.31.tgz",
      "integrity": "sha1-D1slwk5w7asrYT1TBcRltQ/ACRE=",
      "requires": {
        "@babel/parser": "^7.16.4",
        "@vue/compiler-core": "3.2.31",
        "@vue/shared": "3.2.31",
        "estree-walker": "^2.0.2",
        "magic-string": "^0.25.7"
      }
    },
    "@vue/runtime-core": {
      "version": "3.2.31",
      "resolved": "http://npm.idcvdian.com/@vue/runtime-core/download/@vue/runtime-core-3.2.31.tgz",
      "integrity": "sha1-nShMOC9fmBt6e1lxBSodxO85rHo=",
      "requires": {
        "@vue/reactivity": "3.2.31",
        "@vue/shared": "3.2.31"
      }
    },
    "@vue/runtime-dom": {
      "version": "3.2.31",
      "resolved": "http://npm.idcvdian.com/@vue/runtime-dom/download/@vue/runtime-dom-3.2.31.tgz",
      "integrity": "sha1-ec4BgXyzyvLJ2SP2abc40teVPv8=",
      "requires": {
        "@vue/runtime-core": "3.2.31",
        "@vue/shared": "3.2.31",
        "csstype": "^2.6.8"
      }
    },
    "@vue/server-renderer": {
      "version": "3.2.31",
      "resolved": "http://npm.idcvdian.com/@vue/server-renderer/download/@vue/server-renderer-3.2.31.tgz",
      "integrity": "sha1-IB6dbOc1hH1ZiUA6+B74CWDacUE=",
      "requires": {
        "@vue/compiler-ssr": "3.2.31",
        "@vue/shared": "3.2.31"
      }
    },
    "@vue/shared": {
      "version": "3.2.31",
      "resolved": "http://npm.idcvdian.com/@vue/shared/download/@vue/shared-3.2.31.tgz",
      "integrity": "sha1-yQ3nEm2DPc06THU01TS+L7Qfqk4="
    },
    "csstype": {
      "version": "2.6.20",
      "resolved": "http://npm.idcvdian.com/csstype/download/csstype-2.6.20.tgz",
      "integrity": "sha1-kinGXqCyYM9NPZl8sGKI42qNbdo="
    },
    "esbuild": {
      "version": "0.14.36",
      "resolved": "http://npm.idcvdian.com/esbuild/download/esbuild-0.14.36.tgz",
      "integrity": "sha1-ACOnPqtXiGrFYF3xbuQh5HGpcbM=",
      "requires": {
        "esbuild-android-64": "0.14.36",
        "esbuild-android-arm64": "0.14.36",
        "esbuild-darwin-64": "0.14.36",
        "esbuild-darwin-arm64": "0.14.36",
        "esbuild-freebsd-64": "0.14.36",
        "esbuild-freebsd-arm64": "0.14.36",
        "esbuild-linux-32": "0.14.36",
        "esbuild-linux-64": "0.14.36",
        "esbuild-linux-arm": "0.14.36",
        "esbuild-linux-arm64": "0.14.36",
        "esbuild-linux-mips64le": "0.14.36",
        "esbuild-linux-ppc64le": "0.14.36",
        "esbuild-linux-riscv64": "0.14.36",
        "esbuild-linux-s390x": "0.14.36",
        "esbuild-netbsd-64": "0.14.36",
        "esbuild-openbsd-64": "0.14.36",
        "esbuild-sunos-64": "0.14.36",
        "esbuild-windows-32": "0.14.36",
        "esbuild-windows-64": "0.14.36",
        "esbuild-windows-arm64": "0.14.36"
      }
    },
    "esbuild-android-64": {
      "version": "0.14.36",
      "resolved": "http://npm.idcvdian.com/esbuild-android-64/download/esbuild-android-64-0.14.36.tgz",
      "integrity": "sha1-/F+VznjIw9eQ+ha8cb2QTyu0KqE=",
      "optional": true
    },
    "esbuild-android-arm64": {
      "version": "0.14.36",
      "resolved": "http://npm.idcvdian.com/esbuild-android-arm64/download/esbuild-android-arm64-0.14.36.tgz",
      "integrity": "sha1-RDVvu5+N6Cpc3xGEngEd+zrQqKg=",
      "optional": true
    },
    "esbuild-darwin-64": {
      "version": "0.14.36",
      "resolved": "http://npm.idcvdian.com/esbuild-darwin-64/download/esbuild-darwin-64-0.14.36.tgz",
      "integrity": "sha1-PZMkshSJxwFBZlwudA1uhPFvcl0=",
      "optional": true
    },
    "esbuild-darwin-arm64": {
      "version": "0.14.36",
      "resolved": "http://npm.idcvdian.com/esbuild-darwin-arm64/download/esbuild-darwin-arm64-0.14.36.tgz",
      "integrity": "sha1-KoBAwuRlEx5SgQNPPHJAXmQ8t7I=",
      "optional": true
    },
    "esbuild-freebsd-64": {
      "version": "0.14.36",
      "resolved": "http://npm.idcvdian.com/esbuild-freebsd-64/download/esbuild-freebsd-64-0.14.36.tgz",
      "integrity": "sha1-2Cw4e00B/p6GMfl9QetU8tvraKM=",
      "optional": true
    },
    "esbuild-freebsd-arm64": {
      "version": "0.14.36",
      "resolved": "http://npm.idcvdian.com/esbuild-freebsd-arm64/download/esbuild-freebsd-arm64-0.14.36.tgz",
      "integrity": "sha1-6M4ubGl9psfs0MwKyCHUfFq2hSk=",
      "optional": true
    },
    "esbuild-linux-32": {
      "version": "0.14.36",
      "resolved": "http://npm.idcvdian.com/esbuild-linux-32/download/esbuild-linux-32-0.14.36.tgz",
      "integrity": "sha1-pKJh4q+RmG6mJFHy23EqVWyzihU=",
      "optional": true
    },
    "esbuild-linux-64": {
      "version": "0.14.36",
      "resolved": "http://npm.idcvdian.com/esbuild-linux-64/download/esbuild-linux-64-0.14.36.tgz",
      "integrity": "sha1-SpUA+Rl+LI/LiEpRHSydTC3r3nI=",
      "optional": true
    },
    "esbuild-linux-arm": {
      "version": "0.14.36",
      "resolved": "http://npm.idcvdian.com/esbuild-linux-arm/download/esbuild-linux-arm-0.14.36.tgz",
      "integrity": "sha1-kOI7yi5uVJr/u+mU+Auju2xNk0o=",
      "optional": true
    },
    "esbuild-linux-arm64": {
      "version": "0.14.36",
      "resolved": "http://npm.idcvdian.com/esbuild-linux-arm64/download/esbuild-linux-arm64-0.14.36.tgz",
      "integrity": "sha1-yRwh4lsxVGS9fahnNl3R2uFMoXY=",
      "optional": true
    },
    "esbuild-linux-mips64le": {
      "version": "0.14.36",
      "resolved": "http://npm.idcvdian.com/esbuild-linux-mips64le/download/esbuild-linux-mips64le-0.14.36.tgz",
      "integrity": "sha1-QOEa+wg1P/JHCfyJ5NsPhmvBMdI=",
      "optional": true
    },
    "esbuild-linux-ppc64le": {
      "version": "0.14.36",
      "resolved": "http://npm.idcvdian.com/esbuild-linux-ppc64le/download/esbuild-linux-ppc64le-0.14.36.tgz",
      "integrity": "sha1-nopYjFE9Bsw4WfncxS5f386KGl4=",
      "optional": true
    },
    "esbuild-linux-riscv64": {
      "version": "0.14.36",
      "resolved": "http://npm.idcvdian.com/esbuild-linux-riscv64/download/esbuild-linux-riscv64-0.14.36.tgz",
      "integrity": "sha1-5XjAmyOzuXZS5g42kr/aYotUHwY=",
      "optional": true
    },
    "esbuild-linux-s390x": {
      "version": "0.14.36",
      "resolved": "http://npm.idcvdian.com/esbuild-linux-s390x/download/esbuild-linux-s390x-0.14.36.tgz",
      "integrity": "sha1-PJ2rQNDWmTL/3tD9cxe7QDYmybw=",
      "optional": true
    },
    "esbuild-netbsd-64": {
      "version": "0.14.36",
      "resolved": "http://npm.idcvdian.com/esbuild-netbsd-64/download/esbuild-netbsd-64-0.14.36.tgz",
      "integrity": "sha1-4nhH9tUGIYKRYZuMHhIezZdihJQ=",
      "optional": true
    },
    "esbuild-openbsd-64": {
      "version": "0.14.36",
      "resolved": "http://npm.idcvdian.com/esbuild-openbsd-64/download/esbuild-openbsd-64-0.14.36.tgz",
      "integrity": "sha1-yUwExVf65RaHKlhurmdCPabS+rs=",
      "optional": true
    },
    "esbuild-sunos-64": {
      "version": "0.14.36",
      "resolved": "http://npm.idcvdian.com/esbuild-sunos-64/download/esbuild-sunos-64-0.14.36.tgz",
      "integrity": "sha1-m3n+vA32WjDxyb1jBH0WdVEb+Z0=",
      "optional": true
    },
    "esbuild-windows-32": {
      "version": "0.14.36",
      "resolved": "http://npm.idcvdian.com/esbuild-windows-32/download/esbuild-windows-32-0.14.36.tgz",
      "integrity": "sha1-kQ0Rk2yNISL/3TJ15bKNik4SQOw=",
      "optional": true
    },
    "esbuild-windows-64": {
      "version": "0.14.36",
      "resolved": "http://npm.idcvdian.com/esbuild-windows-64/download/esbuild-windows-64-0.14.36.tgz",
      "integrity": "sha1-IbTOi0Kk78Y/S1jsYX8TAkSKrSY=",
      "optional": true
    },
    "esbuild-windows-arm64": {
      "version": "0.14.36",
      "resolved": "http://npm.idcvdian.com/esbuild-windows-arm64/download/esbuild-windows-arm64-0.14.36.tgz",
      "integrity": "sha1-uiFUb+y3KXZn0AUtABUN4iwESyQ=",
      "optional": true
    },
    "estree-walker": {
      "version": "2.0.2",
      "resolved": "http://npm.idcvdian.com/estree-walker/download/estree-walker-2.0.2.tgz",
      "integrity": "sha1-UvAQF4wqTBF6d1fP6UKtt9LaTKw="
    },
    "fsevents": {
      "version": "2.3.2",
      "resolved": "http://npm.idcvdian.com/fsevents/download/fsevents-2.3.2.tgz",
      "integrity": "sha1-ilJveLj99GI7cJ4Ll1xSwkwC/Ro=",
      "optional": true
    },
    "function-bind": {
      "version": "1.1.1",
      "resolved": "http://npm.idcvdian.com/function-bind/download/function-bind-1.1.1.tgz",
      "integrity": "sha1-pWiZ0+o8m6uHS7l3O3xe3pL0iV0="
    },
    "has": {
      "version": "1.0.3",
      "resolved": "http://npm.idcvdian.com/has/download/has-1.0.3.tgz",
      "integrity": "sha1-ci18v8H2qoJB8W3YFOAR4fQeh5Y=",
      "requires": {
        "function-bind": "^1.1.1"
      }
    },
    "is-core-module": {
      "version": "2.8.1",
      "resolved": "http://npm.idcvdian.com/is-core-module/download/is-core-module-2.8.1.tgz",
      "integrity": "sha1-9Z/fynAdWHnQprEApAqhVgzichE=",
      "requires": {
        "has": "^1.0.3"
      }
    },
    "magic-string": {
      "version": "0.25.9",
      "resolved": "http://npm.idcvdian.com/magic-string/download/magic-string-0.25.9.tgz",
      "integrity": "sha1-3n+fr5HvihyR0CwuUxTIJ3283Rw=",
      "requires": {
        "sourcemap-codec": "^1.4.8"
      }
    },
    "nanoid": {
      "version": "3.3.2",
      "resolved": "http://npm.idcvdian.com/nanoid/download/nanoid-3.3.2.tgz",
      "integrity": "sha1-yJYi+vtDgc0iFCHGnsWFR6HuxVc="
    },
    "path-parse": {
      "version": "1.0.7",
      "resolved": "http://npm.idcvdian.com/path-parse/download/path-parse-1.0.7.tgz",
      "integrity": "sha1-+8EUtgykKzDZ2vWFjkvWi77bZzU="
    },
    "picocolors": {
      "version": "1.0.0",
      "resolved": "http://npm.idcvdian.com/picocolors/download/picocolors-1.0.0.tgz",
      "integrity": "sha1-y1vcdP8/UYkiNur3nWi8RFZKuBw="
    },
    "postcss": {
      "version": "8.4.12",
      "resolved": "http://npm.idcvdian.com/postcss/download/postcss-8.4.12.tgz",
      "integrity": "sha1-Hn3nhzOyiXD6R0P32m83Y2SLGQU=",
      "requires": {
        "nanoid": "^3.3.1",
        "picocolors": "^1.0.0",
        "source-map-js": "^1.0.2"
      }
    },
    "resolve": {
      "version": "1.22.0",
      "resolved": "http://npm.idcvdian.com/resolve/download/resolve-1.22.0.tgz",
      "integrity": "sha1-XguMZ8Fd9XqJvbq+YDoALyFzEZg=",
      "requires": {
        "is-core-module": "^2.8.1",
        "path-parse": "^1.0.7",
        "supports-preserve-symlinks-flag": "^1.0.0"
      }
    },
    "rollup": {
      "version": "2.70.1",
      "resolved": "http://npm.idcvdian.com/rollup/download/rollup-2.70.1.tgz",
      "integrity": "sha1-gksfH4eeo5bbMLD8OujS/q2TUj4=",
      "requires": {
        "fsevents": "~2.3.2"
      }
    },
    "source-map": {
      "version": "0.6.1",
      "resolved": "http://npm.idcvdian.com/source-map/download/source-map-0.6.1.tgz",
      "integrity": "sha1-dHIq8y6WFOnCh6jQu95IteLxomM="
    },
    "source-map-js": {
      "version": "1.0.2",
      "resolved": "http://npm.idcvdian.com/source-map-js/download/source-map-js-1.0.2.tgz",
      "integrity": "sha1-rbw2HZxi3zgBJefxYfccgm8eSQw="
    },
    "sourcemap-codec": {
      "version": "1.4.8",
      "resolved": "http://npm.idcvdian.com/sourcemap-codec/download/sourcemap-codec-1.4.8.tgz",
      "integrity": "sha1-6oBL2UhXQC5pktBaOO8a41qatMQ="
    },
    "supports-preserve-symlinks-flag": {
      "version": "1.0.0",
      "resolved": "http://npm.idcvdian.com/supports-preserve-symlinks-flag/download/supports-preserve-symlinks-flag-1.0.0.tgz",
      "integrity": "sha1-btpL00SjyUrqN21MwxvHcxEDngk="
    },
    "vite": {
      "version": "2.9.1",
      "resolved": "http://npm.idcvdian.com/vite/download/vite-2.9.1.tgz",
      "integrity": "sha1-hLzpX64hCnvrVmoK8GJGdIBmtI8=",
      "requires": {
        "esbuild": "^0.14.27",
        "fsevents": "~2.3.2",
        "postcss": "^8.4.12",
        "resolve": "^1.22.0",
        "rollup": "^2.59.0"
      }
    },
    "vue": {
      "version": "3.2.31",
      "resolved": "http://npm.idcvdian.com/vue/download/vue-3.2.31.tgz",
      "integrity": "sha1-4MSZJDNenxiDUoFniKTMoQ+BfOY=",
      "requires": {
        "@vue/compiler-dom": "3.2.31",
        "@vue/compiler-sfc": "3.2.31",
        "@vue/runtime-dom": "3.2.31",
        "@vue/server-renderer": "3.2.31",
        "@vue/shared": "3.2.31"
      }
    },
    "vue-router": {
      "version": "4.0.14",
      "resolved": "http://npm.idcvdian.com/vue-router/download/vue-router-4.0.14.tgz",
      "integrity": "sha1-ziAowcXDPjDHKHlQyXPzl/zhvWU=",
      "requires": {
        "@vue/devtools-api": "^6.0.0"
      }
    }
  }
}
